
Microsoft Visual Studio Solution File, Format Version 12.00
# Visual Studio Version 17
VisualStudioVersion = 17.0.31903.59
MinimumVisualStudioVersion = 10.0.40219.1
Project("{FAE04EC0-301F-11D3-BF4B-00C04F79EFBC}") = "Dimadev.Core", "Dimadev.Core\Dimadev.Core.csproj", "{7EBA11E4-896F-415E-BE8B-036FE6BA71F4}"
EndProject
Project("{FAE04EC0-301F-11D3-BF4B-00C04F79EFBC}") = "Dimadev.Api", "Dimadev.api\Dimadev.Api.csproj", "{635ED2CC-9FD2-4BD5-B226-2FEA7C254222}"
EndProject
Global
	GlobalSection(SolutionConfigurationPlatforms) = preSolution
		Debug|Any CPU = Debug|Any CPU
		Release|Any CPU = Release|Any CPU
	EndGlobalSection
	GlobalSection(SolutionProperties) = preSolution
		HideSolutionNode = FALSE
	EndGlobalSection
	GlobalSection(ProjectConfigurationPlatforms) = postSolution
		{7EBA11E4-896F-415E-BE8B-036FE6BA71F4}.Debug|Any CPU.ActiveCfg = Debug|Any CPU
		{7EBA11E4-896F-415E-BE8B-036FE6BA71F4}.Debug|Any CPU.Build.0 = Debug|Any CPU
		{7EBA11E4-896F-415E-BE8B-036FE6BA71F4}.Release|Any CPU.ActiveCfg = Release|Any CPU
		{7EBA11E4-896F-415E-BE8B-036FE6BA71F4}.Release|Any CPU.Build.0 = Release|Any CPU
		{635ED2CC-9FD2-4BD5-B226-2FEA7C254222}.Debug|Any CPU.ActiveCfg = Debug|Any CPU
		{635ED2CC-9FD2-4BD5-B226-2FEA7C254222}.Debug|Any CPU.Build.0 = Debug|Any CPU
		{635ED2CC-9FD2-4BD5-B226-2FEA7C254222}.Release|Any CPU.ActiveCfg = Release|Any CPU
		{635ED2CC-9FD2-4BD5-B226-2FEA7C254222}.Release|Any CPU.Build.0 = Release|Any CPU
	EndGlobalSection
EndGlobal
